
Microsoft Visual Studio Solution File, Format Version 12.00
# Visual Studio 2015
Project("{FAE04EC0-301F-11D3-BF4B-00C04F79EFBC}") = "Dheeraj_Elliot_CoSC 5010_VR_Spring 2018_Final Project.CSharp", "Dheeraj_Elliot_CoSC 5010_VR_Spring 2018_Final Project.CSharp.csproj", "{1686771E-322B-9E43-ABBD-B7250DBFDAFA}"
EndProject
Project("{FAE04EC0-301F-11D3-BF4B-00C04F79EFBC}") = "Dheeraj_Elliot_CoSC 5010_VR_Spring 2018_Final Project.CSharp.Editor", "Dheeraj_Elliot_CoSC 5010_VR_Spring 2018_Final Project.CSharp.Editor.csproj", "{75921CA1-9886-270A-FEBD-C3F4069297A9}"
EndProject
Global
	GlobalSection(SolutionConfigurationPlatforms) = preSolution
		Debug|Any CPU = Debug|Any CPU
		Release|Any CPU = Release|Any CPU
	EndGlobalSection
	GlobalSection(ProjectConfigurationPlatforms) = postSolution
		{1686771E-322B-9E43-ABBD-B7250DBFDAFA}.Debug|Any CPU.ActiveCfg = Debug|Any CPU
		{1686771E-322B-9E43-ABBD-B7250DBFDAFA}.Debug|Any CPU.Build.0 = Debug|Any CPU
		{1686771E-322B-9E43-ABBD-B7250DBFDAFA}.Release|Any CPU.ActiveCfg = Release|Any CPU
		{1686771E-322B-9E43-ABBD-B7250DBFDAFA}.Release|Any CPU.Build.0 = Release|Any CPU
		{75921CA1-9886-270A-FEBD-C3F4069297A9}.Debug|Any CPU.ActiveCfg = Debug|Any CPU
		{75921CA1-9886-270A-FEBD-C3F4069297A9}.Debug|Any CPU.Build.0 = Debug|Any CPU
		{75921CA1-9886-270A-FEBD-C3F4069297A9}.Release|Any CPU.ActiveCfg = Release|Any CPU
		{75921CA1-9886-270A-FEBD-C3F4069297A9}.Release|Any CPU.Build.0 = Release|Any CPU
	EndGlobalSection
	GlobalSection(SolutionProperties) = preSolution
		HideSolutionNode = FALSE
	EndGlobalSection
EndGlobal
